{
  "object": {
    "pins": [
      {
        "package": "ClippingBezier",
        "repositoryURL": "https://github.com/adamwulf/ClippingBezier.git",
        "state": {
          "branch": "main",
          "revision": "9cde6dd3396ad59d3636e4c6e3f55847de48bf30",
          "version": null
        }
      },
      {
        "package": "MMSwiftToolbox",
        "repositoryURL": "https://github.com/adamwulf/MMSwiftToolbox.git",
        "state": {
          "branch": "main",
          "revision": "288d07c57b4e8797456c693a443b0823e2cd2d6a",
          "version": null
        }
      },
      {
        "package": "PerformanceBezier",
        "repositoryURL": "https://github.com/adamwulf/PerformanceBezier",
        "state": {
          "branch": "main",
          "revision": "8fdf84e1f0afce94d93cbced6460931609c8ecc4",
          "version": null
        }
      }
    ]
  },
  "version": 1
}
