{
  "object": {
    "pins": [
      {
        "package": "ClippingBezier",
        "repositoryURL": "https://github.com/adamwulf/ClippingBezier.git",
        "state": {
          "branch": "main",
          "revision": "2ef870e8e2684debbd9b75d40174c679c2f9f088",
          "version": null
        }
      },
      {
        "package": "MMSwiftToolbox",
        "repositoryURL": "https://github.com/adamwulf/MMSwiftToolbox.git",
        "state": {
          "branch": "main",
          "revision": "13deff176c469427f31ddd4060ab604e2ce585ac",
          "version": null
        }
      },
      {
        "package": "PerformanceBezier",
        "repositoryURL": "https://github.com/adamwulf/PerformanceBezier",
        "state": {
          "branch": "main",
          "revision": "10b4437301f9763911801686a644c7a16fd00796",
          "version": null
        }
      }
    ]
  },
  "version": 1
}
