// !$*UTF8*$!
{
	archiveVersion = 1;
	classes = {
	};
	objectVersion = 52;
	objects = {

/* Begin PBXBuildFile section */
		C5005F4B2547789C00E6DD0C /* Stroke.swift in Sources */ = {isa = PBXBuildFile; fileRef = C5005F4A2547789C00E6DD0C /* Stroke.swift */; };
		C5005F4F2548C1F100E6DD0C /* TestHelpers.swift in Sources */ = {isa = PBXBuildFile; fileRef = C5005F4E2548C1F100E6DD0C /* TestHelpers.swift */; };
		C5005F572548E14500E6DD0C /* TouchPathTests.swift in Sources */ = {isa = PBXBuildFile; fileRef = C5005F562548E14500E6DD0C /* TouchPathTests.swift */; };
		C507F3E325041E0B001A7821 /* Clamping.swift in Sources */ = {isa = PBXBuildFile; fileRef = C507F3E225041E0B001A7821 /* Clamping.swift */; };
		C5094CE225FEB0A60001AE2A /* BezierStream.swift in Sources */ = {isa = PBXBuildFile; fileRef = C5094CE125FEB0A60001AE2A /* BezierStream.swift */; };
		C5094CE925FEB6770001AE2A /* BezierViewController.swift in Sources */ = {isa = PBXBuildFile; fileRef = C5094CE825FEB6770001AE2A /* BezierViewController.swift */; };
		C5094CEF25FEB6FB0001AE2A /* BaseViewController.swift in Sources */ = {isa = PBXBuildFile; fileRef = C5094CEE25FEB6FB0001AE2A /* BaseViewController.swift */; };
		C5094CF825FEBA3B0001AE2A /* MMSwiftToolbox in Frameworks */ = {isa = PBXBuildFile; productRef = C5094CF725FEBA3B0001AE2A /* MMSwiftToolbox */; };
		C53651B72544CC7F00FA25A4 /* README.md in Resources */ = {isa = PBXBuildFile; fileRef = C53651B62544CC7E00FA25A4 /* README.md */; };
		C5420EA52549096700473D8A /* events.json in Resources */ = {isa = PBXBuildFile; fileRef = C5420EA42549096700473D8A /* events.json */; };
		C559CBFC24EB9489006D263C /* PolylineStream.swift in Sources */ = {isa = PBXBuildFile; fileRef = C559CBF924EB9489006D263C /* PolylineStream.swift */; };
		C559CBFD24EB9489006D263C /* Polyline.swift in Sources */ = {isa = PBXBuildFile; fileRef = C559CBFA24EB9489006D263C /* Polyline.swift */; };
		C559CC0024EB9ABE006D263C /* NaiveSavitzkyGolay.swift in Sources */ = {isa = PBXBuildFile; fileRef = C559CBFF24EB9ABE006D263C /* NaiveSavitzkyGolay.swift */; };
		C559CC0224EB9ACA006D263C /* NaiveDouglasPeucker.swift in Sources */ = {isa = PBXBuildFile; fileRef = C559CC0124EB9ACA006D263C /* NaiveDouglasPeucker.swift */; };
		C559CC0724EBA6C0006D263C /* NaivePointDistance.swift in Sources */ = {isa = PBXBuildFile; fileRef = C559CC0624EBA6C0006D263C /* NaivePointDistance.swift */; };
		C55E42A825FEAF4500093DEC /* FlatBezierStream.swift in Sources */ = {isa = PBXBuildFile; fileRef = C55E42A725FEAF4500093DEC /* FlatBezierStream.swift */; };
		C580259C24E9E1150043130D /* TouchPath.swift in Sources */ = {isa = PBXBuildFile; fileRef = C580259B24E9E1150043130D /* TouchPath.swift */; };
		C580259F24E9E1C10043130D /* TouchPathStream.swift in Sources */ = {isa = PBXBuildFile; fileRef = C580259E24E9E1C10043130D /* TouchPathStream.swift */; };
		C58025AC24EA3F150043130D /* TestsOfTests.swift in Sources */ = {isa = PBXBuildFile; fileRef = C58025AB24EA3F150043130D /* TestsOfTests.swift */; };
		C58025AE24EA3F150043130D /* DrawUI.framework in Frameworks */ = {isa = PBXBuildFile; fileRef = C5C159AE24E9AF1C00B52B4B /* DrawUI.framework */; };
		C58B5017254DFCCA0010F195 /* PolylineTests.swift in Sources */ = {isa = PBXBuildFile; fileRef = C58B5016254DFCCA0010F195 /* PolylineTests.swift */; };
		C594308224F0E3640097D52B /* CGPoint+Extensions.swift in Sources */ = {isa = PBXBuildFile; fileRef = C594308124F0E3640097D52B /* CGPoint+Extensions.swift */; };
		C5C159B324E9AF1C00B52B4B /* DrawUI.h in Headers */ = {isa = PBXBuildFile; fileRef = C5C159B124E9AF1C00B52B4B /* DrawUI.h */; settings = {ATTRIBUTES = (Public, ); }; };
		C5C159BB24E9AF3600B52B4B /* TouchEvent.swift in Sources */ = {isa = PBXBuildFile; fileRef = C5C159B924E9AF3600B52B4B /* TouchEvent.swift */; };
		C5C159BC24E9AF3600B52B4B /* TouchEventStream.swift in Sources */ = {isa = PBXBuildFile; fileRef = C5C159BA24E9AF3600B52B4B /* TouchEventStream.swift */; };
		C5C159C424E9AF4E00B52B4B /* AppDelegate.swift in Sources */ = {isa = PBXBuildFile; fileRef = C5C159C324E9AF4E00B52B4B /* AppDelegate.swift */; };
		C5C159C624E9AF4E00B52B4B /* SceneDelegate.swift in Sources */ = {isa = PBXBuildFile; fileRef = C5C159C524E9AF4E00B52B4B /* SceneDelegate.swift */; };
		C5C159C824E9AF4E00B52B4B /* DebugViewController.swift in Sources */ = {isa = PBXBuildFile; fileRef = C5C159C724E9AF4E00B52B4B /* DebugViewController.swift */; };
		C5C159CB24E9AF4E00B52B4B /* Main.storyboard in Resources */ = {isa = PBXBuildFile; fileRef = C5C159C924E9AF4E00B52B4B /* Main.storyboard */; };
		C5C159CD24E9AF4E00B52B4B /* Assets.xcassets in Resources */ = {isa = PBXBuildFile; fileRef = C5C159CC24E9AF4E00B52B4B /* Assets.xcassets */; };
		C5C159D024E9AF4E00B52B4B /* LaunchScreen.storyboard in Resources */ = {isa = PBXBuildFile; fileRef = C5C159CE24E9AF4E00B52B4B /* LaunchScreen.storyboard */; };
		C5C159D824E9AF6100B52B4B /* DrawUI.framework in Frameworks */ = {isa = PBXBuildFile; fileRef = C5C159AE24E9AF1C00B52B4B /* DrawUI.framework */; };
		C5C159DC24E9AF8100B52B4B /* UITouch+Extensions.swift in Sources */ = {isa = PBXBuildFile; fileRef = C5C159DA24E9AF8100B52B4B /* UITouch+Extensions.swift */; };
		C5C159DD24E9AF8100B52B4B /* Array+Extensions.swift in Sources */ = {isa = PBXBuildFile; fileRef = C5C159DB24E9AF8100B52B4B /* Array+Extensions.swift */; };
		C5C159DF24E9AFAA00B52B4B /* DrawUI.framework in CopyFiles */ = {isa = PBXBuildFile; fileRef = C5C159AE24E9AF1C00B52B4B /* DrawUI.framework */; settings = {ATTRIBUTES = (CodeSignOnCopy, RemoveHeadersOnCopy, ); }; };
		C5C159E224E9B2F800B52B4B /* TouchEventGestureRecognizer.swift in Sources */ = {isa = PBXBuildFile; fileRef = C5C159E124E9B2F800B52B4B /* TouchEventGestureRecognizer.swift */; };
		C5C159E724E9BC6500B52B4B /* DebugView.swift in Sources */ = {isa = PBXBuildFile; fileRef = C5C159E624E9BC6500B52B4B /* DebugView.swift */; };
		C5C5CC41254E089000B6662F /* AntigrainSmoother.swift in Sources */ = {isa = PBXBuildFile; fileRef = C5C5CC40254E089000B6662F /* AntigrainSmoother.swift */; };
		C5C5CC4B254E0DA100B6662F /* StrokeStream.swift in Sources */ = {isa = PBXBuildFile; fileRef = C5C5CC4A254E0DA100B6662F /* StrokeStream.swift */; };
		C5C5CC4F254E0DDD00B6662F /* AntigrainSmootherTests.swift in Sources */ = {isa = PBXBuildFile; fileRef = C5C5CC4E254E0DDD00B6662F /* AntigrainSmootherTests.swift */; };
/* End PBXBuildFile section */

/* Begin PBXContainerItemProxy section */
		C58025AF24EA3F150043130D /* PBXContainerItemProxy */ = {
			isa = PBXContainerItemProxy;
			containerPortal = C5C159A524E9AF1C00B52B4B /* Project object */;
			proxyType = 1;
			remoteGlobalIDString = C5C159AD24E9AF1C00B52B4B;
			remoteInfo = DrawUI;
		};
		C5C159D524E9AF5E00B52B4B /* PBXContainerItemProxy */ = {
			isa = PBXContainerItemProxy;
			containerPortal = C5C159A524E9AF1C00B52B4B /* Project object */;
			proxyType = 1;
			remoteGlobalIDString = C5C159AD24E9AF1C00B52B4B;
			remoteInfo = DrawUI;
		};
/* End PBXContainerItemProxy section */

/* Begin PBXCopyFilesBuildPhase section */
		C5C159DE24E9AFA000B52B4B /* CopyFiles */ = {
			isa = PBXCopyFilesBuildPhase;
			buildActionMask = 2147483647;
			dstPath = "";
			dstSubfolderSpec = 10;
			files = (
				C5C159DF24E9AFAA00B52B4B /* DrawUI.framework in CopyFiles */,
			);
			runOnlyForDeploymentPostprocessing = 0;
		};
/* End PBXCopyFilesBuildPhase section */

/* Begin PBXFileReference section */
		C5005F4A2547789C00E6DD0C /* Stroke.swift */ = {isa = PBXFileReference; lastKnownFileType = sourcecode.swift; path = Stroke.swift; sourceTree = "<group>"; };
		C5005F4E2548C1F100E6DD0C /* TestHelpers.swift */ = {isa = PBXFileReference; lastKnownFileType = sourcecode.swift; path = TestHelpers.swift; sourceTree = "<group>"; };
		C5005F562548E14500E6DD0C /* TouchPathTests.swift */ = {isa = PBXFileReference; lastKnownFileType = sourcecode.swift; path = TouchPathTests.swift; sourceTree = "<group>"; };
		C507F3E225041E0B001A7821 /* Clamping.swift */ = {isa = PBXFileReference; lastKnownFileType = sourcecode.swift; path = Clamping.swift; sourceTree = "<group>"; };
		C5094CE125FEB0A60001AE2A /* BezierStream.swift */ = {isa = PBXFileReference; lastKnownFileType = sourcecode.swift; path = BezierStream.swift; sourceTree = "<group>"; };
		C5094CE825FEB6770001AE2A /* BezierViewController.swift */ = {isa = PBXFileReference; lastKnownFileType = sourcecode.swift; path = BezierViewController.swift; sourceTree = "<group>"; };
		C5094CEE25FEB6FB0001AE2A /* BaseViewController.swift */ = {isa = PBXFileReference; lastKnownFileType = sourcecode.swift; path = BaseViewController.swift; sourceTree = "<group>"; };
		C53651B62544CC7E00FA25A4 /* README.md */ = {isa = PBXFileReference; fileEncoding = 4; lastKnownFileType = net.daringfireball.markdown; path = README.md; sourceTree = SOURCE_ROOT; };
		C5420EA42549096700473D8A /* events.json */ = {isa = PBXFileReference; fileEncoding = 4; lastKnownFileType = text.json; path = events.json; sourceTree = "<group>"; };
		C559CBF924EB9489006D263C /* PolylineStream.swift */ = {isa = PBXFileReference; fileEncoding = 4; lastKnownFileType = sourcecode.swift; path = PolylineStream.swift; sourceTree = "<group>"; };
		C559CBFA24EB9489006D263C /* Polyline.swift */ = {isa = PBXFileReference; fileEncoding = 4; lastKnownFileType = sourcecode.swift; path = Polyline.swift; sourceTree = "<group>"; };
		C559CBFF24EB9ABE006D263C /* NaiveSavitzkyGolay.swift */ = {isa = PBXFileReference; lastKnownFileType = sourcecode.swift; path = NaiveSavitzkyGolay.swift; sourceTree = "<group>"; };
		C559CC0124EB9ACA006D263C /* NaiveDouglasPeucker.swift */ = {isa = PBXFileReference; lastKnownFileType = sourcecode.swift; path = NaiveDouglasPeucker.swift; sourceTree = "<group>"; };
		C559CC0624EBA6C0006D263C /* NaivePointDistance.swift */ = {isa = PBXFileReference; lastKnownFileType = sourcecode.swift; path = NaivePointDistance.swift; sourceTree = "<group>"; };
		C55E42A725FEAF4500093DEC /* FlatBezierStream.swift */ = {isa = PBXFileReference; lastKnownFileType = sourcecode.swift; path = FlatBezierStream.swift; sourceTree = "<group>"; };
		C580259B24E9E1150043130D /* TouchPath.swift */ = {isa = PBXFileReference; lastKnownFileType = sourcecode.swift; path = TouchPath.swift; sourceTree = "<group>"; };
		C580259E24E9E1C10043130D /* TouchPathStream.swift */ = {isa = PBXFileReference; lastKnownFileType = sourcecode.swift; path = TouchPathStream.swift; sourceTree = "<group>"; };
		C58025A924EA3F150043130D /* DrawUITests.xctest */ = {isa = PBXFileReference; explicitFileType = wrapper.cfbundle; includeInIndex = 0; path = DrawUITests.xctest; sourceTree = BUILT_PRODUCTS_DIR; };
		C58025AB24EA3F150043130D /* TestsOfTests.swift */ = {isa = PBXFileReference; lastKnownFileType = sourcecode.swift; path = TestsOfTests.swift; sourceTree = "<group>"; };
		C58025AD24EA3F150043130D /* Info.plist */ = {isa = PBXFileReference; lastKnownFileType = text.plist.xml; path = Info.plist; sourceTree = "<group>"; };
		C58B5016254DFCCA0010F195 /* PolylineTests.swift */ = {isa = PBXFileReference; lastKnownFileType = sourcecode.swift; path = PolylineTests.swift; sourceTree = "<group>"; };
		C594308124F0E3640097D52B /* CGPoint+Extensions.swift */ = {isa = PBXFileReference; lastKnownFileType = sourcecode.swift; path = "CGPoint+Extensions.swift"; sourceTree = "<group>"; };
		C5C159AE24E9AF1C00B52B4B /* DrawUI.framework */ = {isa = PBXFileReference; explicitFileType = wrapper.framework; includeInIndex = 0; path = DrawUI.framework; sourceTree = BUILT_PRODUCTS_DIR; };
		C5C159B124E9AF1C00B52B4B /* DrawUI.h */ = {isa = PBXFileReference; lastKnownFileType = sourcecode.c.h; path = DrawUI.h; sourceTree = "<group>"; };
		C5C159B224E9AF1C00B52B4B /* Info.plist */ = {isa = PBXFileReference; lastKnownFileType = text.plist.xml; path = Info.plist; sourceTree = "<group>"; };
		C5C159B924E9AF3600B52B4B /* TouchEvent.swift */ = {isa = PBXFileReference; fileEncoding = 4; lastKnownFileType = sourcecode.swift; path = TouchEvent.swift; sourceTree = "<group>"; };
		C5C159BA24E9AF3600B52B4B /* TouchEventStream.swift */ = {isa = PBXFileReference; fileEncoding = 4; lastKnownFileType = sourcecode.swift; path = TouchEventStream.swift; sourceTree = "<group>"; };
		C5C159C124E9AF4E00B52B4B /* DrawUIExample.app */ = {isa = PBXFileReference; explicitFileType = wrapper.application; includeInIndex = 0; path = DrawUIExample.app; sourceTree = BUILT_PRODUCTS_DIR; };
		C5C159C324E9AF4E00B52B4B /* AppDelegate.swift */ = {isa = PBXFileReference; lastKnownFileType = sourcecode.swift; path = AppDelegate.swift; sourceTree = "<group>"; };
		C5C159C524E9AF4E00B52B4B /* SceneDelegate.swift */ = {isa = PBXFileReference; lastKnownFileType = sourcecode.swift; path = SceneDelegate.swift; sourceTree = "<group>"; };
		C5C159C724E9AF4E00B52B4B /* DebugViewController.swift */ = {isa = PBXFileReference; lastKnownFileType = sourcecode.swift; path = DebugViewController.swift; sourceTree = "<group>"; };
		C5C159CA24E9AF4E00B52B4B /* Base */ = {isa = PBXFileReference; lastKnownFileType = file.storyboard; name = Base; path = Base.lproj/Main.storyboard; sourceTree = "<group>"; };
		C5C159CC24E9AF4E00B52B4B /* Assets.xcassets */ = {isa = PBXFileReference; lastKnownFileType = folder.assetcatalog; path = Assets.xcassets; sourceTree = "<group>"; };
		C5C159CF24E9AF4E00B52B4B /* Base */ = {isa = PBXFileReference; lastKnownFileType = file.storyboard; name = Base; path = Base.lproj/LaunchScreen.storyboard; sourceTree = "<group>"; };
		C5C159D124E9AF4E00B52B4B /* Info.plist */ = {isa = PBXFileReference; lastKnownFileType = text.plist.xml; path = Info.plist; sourceTree = "<group>"; };
		C5C159DA24E9AF8100B52B4B /* UITouch+Extensions.swift */ = {isa = PBXFileReference; fileEncoding = 4; lastKnownFileType = sourcecode.swift; path = "UITouch+Extensions.swift"; sourceTree = "<group>"; };
		C5C159DB24E9AF8100B52B4B /* Array+Extensions.swift */ = {isa = PBXFileReference; fileEncoding = 4; lastKnownFileType = sourcecode.swift; path = "Array+Extensions.swift"; sourceTree = "<group>"; };
		C5C159E124E9B2F800B52B4B /* TouchEventGestureRecognizer.swift */ = {isa = PBXFileReference; lastKnownFileType = sourcecode.swift; path = TouchEventGestureRecognizer.swift; sourceTree = "<group>"; };
		C5C159E624E9BC6500B52B4B /* DebugView.swift */ = {isa = PBXFileReference; lastKnownFileType = sourcecode.swift; path = DebugView.swift; sourceTree = "<group>"; };
		C5C5CC34254E028200B6662F /* README.md */ = {isa = PBXFileReference; lastKnownFileType = net.daringfireball.markdown; path = README.md; sourceTree = "<group>"; };
		C5C5CC40254E089000B6662F /* AntigrainSmoother.swift */ = {isa = PBXFileReference; lastKnownFileType = sourcecode.swift; path = AntigrainSmoother.swift; sourceTree = "<group>"; };
		C5C5CC4A254E0DA100B6662F /* StrokeStream.swift */ = {isa = PBXFileReference; fileEncoding = 4; lastKnownFileType = sourcecode.swift; path = StrokeStream.swift; sourceTree = "<group>"; };
		C5C5CC4E254E0DDD00B6662F /* AntigrainSmootherTests.swift */ = {isa = PBXFileReference; lastKnownFileType = sourcecode.swift; path = AntigrainSmootherTests.swift; sourceTree = "<group>"; };
/* End PBXFileReference section */

/* Begin PBXFrameworksBuildPhase section */
		C58025A624EA3F150043130D /* Frameworks */ = {
			isa = PBXFrameworksBuildPhase;
			buildActionMask = 2147483647;
			files = (
				C58025AE24EA3F150043130D /* DrawUI.framework in Frameworks */,
			);
			runOnlyForDeploymentPostprocessing = 0;
		};
		C5C159AB24E9AF1C00B52B4B /* Frameworks */ = {
			isa = PBXFrameworksBuildPhase;
			buildActionMask = 2147483647;
			files = (
				C5094CF825FEBA3B0001AE2A /* MMSwiftToolbox in Frameworks */,
			);
			runOnlyForDeploymentPostprocessing = 0;
		};
		C5C159BE24E9AF4E00B52B4B /* Frameworks */ = {
			isa = PBXFrameworksBuildPhase;
			buildActionMask = 2147483647;
			files = (
				C5C159D824E9AF6100B52B4B /* DrawUI.framework in Frameworks */,
			);
			runOnlyForDeploymentPostprocessing = 0;
		};
/* End PBXFrameworksBuildPhase section */

/* Begin PBXGroup section */
		C5094CE725FEB6690001AE2A /* Tabs */ = {
			isa = PBXGroup;
			children = (
				C5094CEE25FEB6FB0001AE2A /* BaseViewController.swift */,
				C5C159C724E9AF4E00B52B4B /* DebugViewController.swift */,
				C5094CE825FEB6770001AE2A /* BezierViewController.swift */,
			);
			path = Tabs;
			sourceTree = "<group>";
		};
		C5420EAA2549096F00473D8A /* Test Data */ = {
			isa = PBXGroup;
			children = (
				C5420EA42549096700473D8A /* events.json */,
			);
			name = "Test Data";
			sourceTree = "<group>";
		};
		C548CEBE2547777000F4E648 /* Step 5 - Smooth Strokes */ = {
			isa = PBXGroup;
			children = (
				C5005F4A2547789C00E6DD0C /* Stroke.swift */,
				C5C5CC4A254E0DA100B6662F /* StrokeStream.swift */,
			);
			path = "Step 5 - Smooth Strokes";
			sourceTree = "<group>";
		};
		C559CBFE24EB9AAF006D263C /* Step 4 - Polyline Filters */ = {
			isa = PBXGroup;
			children = (
				C58B501A254E020D0010F195 /* Naive */,
				C58B501B254E021A0010F195 /* Optimized */,
			);
			path = "Step 4 - Polyline Filters";
			sourceTree = "<group>";
		};
		C55E42A625FEAF2D00093DEC /* Step 5 - Beziers */ = {
			isa = PBXGroup;
			children = (
				C55E42AB25FEAF7400093DEC /* Helpers */,
				C5094CE125FEB0A60001AE2A /* BezierStream.swift */,
				C55E42A725FEAF4500093DEC /* FlatBezierStream.swift */,
			);
			path = "Step 5 - Beziers";
			sourceTree = "<group>";
		};
		C55E42AB25FEAF7400093DEC /* Helpers */ = {
			isa = PBXGroup;
			children = (
				C5C5CC40254E089000B6662F /* AntigrainSmoother.swift */,
			);
			path = Helpers;
			sourceTree = "<group>";
		};
		C58025A224EA26BB0043130D /* Model */ = {
			isa = PBXGroup;
			children = (
				C58025A324EA26C40043130D /* Step 1 - Touch */,
				C58025A424EA26DA0043130D /* Step 2 - Coalesce into Points */,
				C58025B824EA4F6A0043130D /* Step 3 - Generate Polylines */,
				C559CBFE24EB9AAF006D263C /* Step 4 - Polyline Filters */,
				C55E42A625FEAF2D00093DEC /* Step 5 - Beziers */,
				C548CEBE2547777000F4E648 /* Step 5 - Smooth Strokes */,
			);
			path = Model;
			sourceTree = "<group>";
		};
		C58025A324EA26C40043130D /* Step 1 - Touch */ = {
			isa = PBXGroup;
			children = (
				C5C159BA24E9AF3600B52B4B /* TouchEventStream.swift */,
				C5C159B924E9AF3600B52B4B /* TouchEvent.swift */,
			);
			path = "Step 1 - Touch";
			sourceTree = "<group>";
		};
		C58025A424EA26DA0043130D /* Step 2 - Coalesce into Points */ = {
			isa = PBXGroup;
			children = (
				C580259E24E9E1C10043130D /* TouchPathStream.swift */,
				C580259B24E9E1150043130D /* TouchPath.swift */,
			);
			path = "Step 2 - Coalesce into Points";
			sourceTree = "<group>";
		};
		C58025AA24EA3F150043130D /* DrawUITests */ = {
			isa = PBXGroup;
			children = (
				C5420EAA2549096F00473D8A /* Test Data */,
				C58025AB24EA3F150043130D /* TestsOfTests.swift */,
				C5005F562548E14500E6DD0C /* TouchPathTests.swift */,
				C58B5016254DFCCA0010F195 /* PolylineTests.swift */,
				C5C5CC4E254E0DDD00B6662F /* AntigrainSmootherTests.swift */,
				C5005F4E2548C1F100E6DD0C /* TestHelpers.swift */,
				C58025AD24EA3F150043130D /* Info.plist */,
			);
			path = DrawUITests;
			sourceTree = "<group>";
		};
		C58025B824EA4F6A0043130D /* Step 3 - Generate Polylines */ = {
			isa = PBXGroup;
			children = (
				C559CBF924EB9489006D263C /* PolylineStream.swift */,
				C559CBFA24EB9489006D263C /* Polyline.swift */,
			);
			path = "Step 3 - Generate Polylines";
			sourceTree = "<group>";
		};
		C58B501A254E020D0010F195 /* Naive */ = {
			isa = PBXGroup;
			children = (
				C5C5CC34254E028200B6662F /* README.md */,
				C559CBFF24EB9ABE006D263C /* NaiveSavitzkyGolay.swift */,
				C559CC0124EB9ACA006D263C /* NaiveDouglasPeucker.swift */,
				C559CC0624EBA6C0006D263C /* NaivePointDistance.swift */,
			);
			path = Naive;
			sourceTree = "<group>";
		};
		C58B501B254E021A0010F195 /* Optimized */ = {
			isa = PBXGroup;
			children = (
			);
			path = Optimized;
			sourceTree = "<group>";
		};
		C5C159A424E9AF1C00B52B4B = {
			isa = PBXGroup;
			children = (
				C5C159B024E9AF1C00B52B4B /* DrawUI */,
				C58025AA24EA3F150043130D /* DrawUITests */,
				C5C159C224E9AF4E00B52B4B /* DrawUIExample */,
				C5C159AF24E9AF1C00B52B4B /* Products */,
				C5C159D724E9AF6100B52B4B /* Frameworks */,
			);
			sourceTree = "<group>";
		};
		C5C159AF24E9AF1C00B52B4B /* Products */ = {
			isa = PBXGroup;
			children = (
				C5C159AE24E9AF1C00B52B4B /* DrawUI.framework */,
				C5C159C124E9AF4E00B52B4B /* DrawUIExample.app */,
				C58025A924EA3F150043130D /* DrawUITests.xctest */,
			);
			name = Products;
			sourceTree = "<group>";
		};
		C5C159B024E9AF1C00B52B4B /* DrawUI */ = {
			isa = PBXGroup;
			children = (
				C53651B62544CC7E00FA25A4 /* README.md */,
				C5C159E024E9B2F000B52B4B /* Gestures */,
				C5C159D924E9AF7300B52B4B /* Extensions */,
				C58025A224EA26BB0043130D /* Model */,
				C5C159B124E9AF1C00B52B4B /* DrawUI.h */,
				C5C159B224E9AF1C00B52B4B /* Info.plist */,
			);
			path = DrawUI;
			sourceTree = "<group>";
		};
		C5C159C224E9AF4E00B52B4B /* DrawUIExample */ = {
			isa = PBXGroup;
			children = (
				C5094CE725FEB6690001AE2A /* Tabs */,
				C5C159C324E9AF4E00B52B4B /* AppDelegate.swift */,
				C5C159C524E9AF4E00B52B4B /* SceneDelegate.swift */,
				C5C159E624E9BC6500B52B4B /* DebugView.swift */,
				C5C159C924E9AF4E00B52B4B /* Main.storyboard */,
				C5C159CC24E9AF4E00B52B4B /* Assets.xcassets */,
				C5C159CE24E9AF4E00B52B4B /* LaunchScreen.storyboard */,
				C5C159D124E9AF4E00B52B4B /* Info.plist */,
			);
			path = DrawUIExample;
			sourceTree = "<group>";
		};
		C5C159D724E9AF6100B52B4B /* Frameworks */ = {
			isa = PBXGroup;
			children = (
			);
			name = Frameworks;
			sourceTree = "<group>";
		};
		C5C159D924E9AF7300B52B4B /* Extensions */ = {
			isa = PBXGroup;
			children = (
				C5C159DB24E9AF8100B52B4B /* Array+Extensions.swift */,
				C594308124F0E3640097D52B /* CGPoint+Extensions.swift */,
				C5C159DA24E9AF8100B52B4B /* UITouch+Extensions.swift */,
				C507F3E225041E0B001A7821 /* Clamping.swift */,
			);
			path = Extensions;
			sourceTree = "<group>";
		};
		C5C159E024E9B2F000B52B4B /* Gestures */ = {
			isa = PBXGroup;
			children = (
				C5C159E124E9B2F800B52B4B /* TouchEventGestureRecognizer.swift */,
			);
			path = Gestures;
			sourceTree = "<group>";
		};
/* End PBXGroup section */

/* Begin PBXHeadersBuildPhase section */
		C5C159A924E9AF1C00B52B4B /* Headers */ = {
			isa = PBXHeadersBuildPhase;
			buildActionMask = 2147483647;
			files = (
				C5C159B324E9AF1C00B52B4B /* DrawUI.h in Headers */,
			);
			runOnlyForDeploymentPostprocessing = 0;
		};
/* End PBXHeadersBuildPhase section */

/* Begin PBXNativeTarget section */
		C58025A824EA3F150043130D /* DrawUITests */ = {
			isa = PBXNativeTarget;
			buildConfigurationList = C58025B324EA3F150043130D /* Build configuration list for PBXNativeTarget "DrawUITests" */;
			buildPhases = (
				C58025A524EA3F150043130D /* Sources */,
				C58025A624EA3F150043130D /* Frameworks */,
				C58025A724EA3F150043130D /* Resources */,
			);
			buildRules = (
			);
			dependencies = (
				C58025B024EA3F150043130D /* PBXTargetDependency */,
			);
			name = DrawUITests;
			productName = DrawUITests;
			productReference = C58025A924EA3F150043130D /* DrawUITests.xctest */;
			productType = "com.apple.product-type.bundle.unit-test";
		};
		C5C159AD24E9AF1C00B52B4B /* DrawUI */ = {
			isa = PBXNativeTarget;
			buildConfigurationList = C5C159B624E9AF1C00B52B4B /* Build configuration list for PBXNativeTarget "DrawUI" */;
			buildPhases = (
				C5C159A924E9AF1C00B52B4B /* Headers */,
				C559CC0524EBA414006D263C /* SwiftLint */,
				C5C159AA24E9AF1C00B52B4B /* Sources */,
				C5C159AB24E9AF1C00B52B4B /* Frameworks */,
				C5C159AC24E9AF1C00B52B4B /* Resources */,
			);
			buildRules = (
			);
			dependencies = (
			);
			name = DrawUI;
			packageProductDependencies = (
				C5094CF725FEBA3B0001AE2A /* MMSwiftToolbox */,
			);
			productName = DrawUI;
			productReference = C5C159AE24E9AF1C00B52B4B /* DrawUI.framework */;
			productType = "com.apple.product-type.framework";
		};
		C5C159C024E9AF4E00B52B4B /* DrawUIExample */ = {
			isa = PBXNativeTarget;
			buildConfigurationList = C5C159D224E9AF4E00B52B4B /* Build configuration list for PBXNativeTarget "DrawUIExample" */;
			buildPhases = (
				C5C159BD24E9AF4E00B52B4B /* Sources */,
				C5C159BE24E9AF4E00B52B4B /* Frameworks */,
				C5C159BF24E9AF4E00B52B4B /* Resources */,
				C5C159DE24E9AFA000B52B4B /* CopyFiles */,
			);
			buildRules = (
			);
			dependencies = (
				C5C159D624E9AF5E00B52B4B /* PBXTargetDependency */,
			);
			name = DrawUIExample;
			packageProductDependencies = (
			);
			productName = DrawUIExample;
			productReference = C5C159C124E9AF4E00B52B4B /* DrawUIExample.app */;
			productType = "com.apple.product-type.application";
		};
/* End PBXNativeTarget section */

/* Begin PBXProject section */
		C5C159A524E9AF1C00B52B4B /* Project object */ = {
			isa = PBXProject;
			attributes = {
				LastSwiftUpdateCheck = 1200;
				LastUpgradeCheck = 1200;
				TargetAttributes = {
					C58025A824EA3F150043130D = {
						CreatedOnToolsVersion = 12.0;
					};
					C5C159AD24E9AF1C00B52B4B = {
						CreatedOnToolsVersion = 12.0;
						LastSwiftMigration = 1200;
					};
					C5C159C024E9AF4E00B52B4B = {
						CreatedOnToolsVersion = 12.0;
					};
				};
			};
			buildConfigurationList = C5C159A824E9AF1C00B52B4B /* Build configuration list for PBXProject "DrawUI" */;
			compatibilityVersion = "Xcode 9.3";
			developmentRegion = en;
			hasScannedForEncodings = 0;
			knownRegions = (
				en,
				Base,
			);
			mainGroup = C5C159A424E9AF1C00B52B4B;
			packageReferences = (
				C5094CF625FEBA3B0001AE2A /* XCRemoteSwiftPackageReference "MMSwiftToolbox" */,
			);
			productRefGroup = C5C159AF24E9AF1C00B52B4B /* Products */;
			projectDirPath = "";
			projectRoot = "";
			targets = (
				C5C159AD24E9AF1C00B52B4B /* DrawUI */,
				C58025A824EA3F150043130D /* DrawUITests */,
				C5C159C024E9AF4E00B52B4B /* DrawUIExample */,
			);
		};
/* End PBXProject section */

/* Begin PBXResourcesBuildPhase section */
		C58025A724EA3F150043130D /* Resources */ = {
			isa = PBXResourcesBuildPhase;
			buildActionMask = 2147483647;
			files = (
				C5420EA52549096700473D8A /* events.json in Resources */,
			);
			runOnlyForDeploymentPostprocessing = 0;
		};
		C5C159AC24E9AF1C00B52B4B /* Resources */ = {
			isa = PBXResourcesBuildPhase;
			buildActionMask = 2147483647;
			files = (
				C53651B72544CC7F00FA25A4 /* README.md in Resources */,
			);
			runOnlyForDeploymentPostprocessing = 0;
		};
		C5C159BF24E9AF4E00B52B4B /* Resources */ = {
			isa = PBXResourcesBuildPhase;
			buildActionMask = 2147483647;
			files = (
				C5C159D024E9AF4E00B52B4B /* LaunchScreen.storyboard in Resources */,
				C5C159CD24E9AF4E00B52B4B /* Assets.xcassets in Resources */,
				C5C159CB24E9AF4E00B52B4B /* Main.storyboard in Resources */,
			);
			runOnlyForDeploymentPostprocessing = 0;
		};
/* End PBXResourcesBuildPhase section */

/* Begin PBXShellScriptBuildPhase section */
		C559CC0524EBA414006D263C /* SwiftLint */ = {
			isa = PBXShellScriptBuildPhase;
			buildActionMask = 2147483647;
			files = (
			);
			inputFileListPaths = (
			);
			inputPaths = (
			);
			name = SwiftLint;
			outputFileListPaths = (
			);
			outputPaths = (
			);
			runOnlyForDeploymentPostprocessing = 0;
			shellPath = /bin/sh;
			shellScript = "if [ \"${CONFIGURATION}\" = \"Debug\" ]; then\nif which swiftlint >/dev/null; then\nswiftlint --config \"$SRCROOT/.swiftlint.yml\"\nelse\necho \"warning: SwiftLint not installed, download from https://github.com/realm/SwiftLint\"\nfi\nfi\n";
		};
/* End PBXShellScriptBuildPhase section */

/* Begin PBXSourcesBuildPhase section */
		C58025A524EA3F150043130D /* Sources */ = {
			isa = PBXSourcesBuildPhase;
			buildActionMask = 2147483647;
			files = (
				C5005F572548E14500E6DD0C /* TouchPathTests.swift in Sources */,
				C5C5CC4F254E0DDD00B6662F /* AntigrainSmootherTests.swift in Sources */,
				C58B5017254DFCCA0010F195 /* PolylineTests.swift in Sources */,
				C5005F4F2548C1F100E6DD0C /* TestHelpers.swift in Sources */,
				C58025AC24EA3F150043130D /* TestsOfTests.swift in Sources */,
			);
			runOnlyForDeploymentPostprocessing = 0;
		};
		C5C159AA24E9AF1C00B52B4B /* Sources */ = {
			isa = PBXSourcesBuildPhase;
			buildActionMask = 2147483647;
			files = (
				C5094CE225FEB0A60001AE2A /* BezierStream.swift in Sources */,
				C507F3E325041E0B001A7821 /* Clamping.swift in Sources */,
				C5C159BB24E9AF3600B52B4B /* TouchEvent.swift in Sources */,
				C559CC0224EB9ACA006D263C /* NaiveDouglasPeucker.swift in Sources */,
				C594308224F0E3640097D52B /* CGPoint+Extensions.swift in Sources */,
				C5C159E224E9B2F800B52B4B /* TouchEventGestureRecognizer.swift in Sources */,
				C580259F24E9E1C10043130D /* TouchPathStream.swift in Sources */,
				C559CC0724EBA6C0006D263C /* NaivePointDistance.swift in Sources */,
				C5C159DC24E9AF8100B52B4B /* UITouch+Extensions.swift in Sources */,
				C5005F4B2547789C00E6DD0C /* Stroke.swift in Sources */,
				C5C5CC4B254E0DA100B6662F /* StrokeStream.swift in Sources */,
				C5C159BC24E9AF3600B52B4B /* TouchEventStream.swift in Sources */,
				C5C5CC41254E089000B6662F /* AntigrainSmoother.swift in Sources */,
				C559CC0024EB9ABE006D263C /* NaiveSavitzkyGolay.swift in Sources */,
				C5C159DD24E9AF8100B52B4B /* Array+Extensions.swift in Sources */,
				C580259C24E9E1150043130D /* TouchPath.swift in Sources */,
				C559CBFD24EB9489006D263C /* Polyline.swift in Sources */,
				C559CBFC24EB9489006D263C /* PolylineStream.swift in Sources */,
				C55E42A825FEAF4500093DEC /* FlatBezierStream.swift in Sources */,
			);
			runOnlyForDeploymentPostprocessing = 0;
		};
		C5C159BD24E9AF4E00B52B4B /* Sources */ = {
			isa = PBXSourcesBuildPhase;
			buildActionMask = 2147483647;
			files = (
				C5094CE925FEB6770001AE2A /* BezierViewController.swift in Sources */,
				C5C159E724E9BC6500B52B4B /* DebugView.swift in Sources */,
				C5094CEF25FEB6FB0001AE2A /* BaseViewController.swift in Sources */,
				C5C159C824E9AF4E00B52B4B /* DebugViewController.swift in Sources */,
				C5C159C424E9AF4E00B52B4B /* AppDelegate.swift in Sources */,
				C5C159C624E9AF4E00B52B4B /* SceneDelegate.swift in Sources */,
			);
			runOnlyForDeploymentPostprocessing = 0;
		};
/* End PBXSourcesBuildPhase section */

/* Begin PBXTargetDependency section */
		C58025B024EA3F150043130D /* PBXTargetDependency */ = {
			isa = PBXTargetDependency;
			target = C5C159AD24E9AF1C00B52B4B /* DrawUI */;
			targetProxy = C58025AF24EA3F150043130D /* PBXContainerItemProxy */;
		};
		C5C159D624E9AF5E00B52B4B /* PBXTargetDependency */ = {
			isa = PBXTargetDependency;
			target = C5C159AD24E9AF1C00B52B4B /* DrawUI */;
			targetProxy = C5C159D524E9AF5E00B52B4B /* PBXContainerItemProxy */;
		};
/* End PBXTargetDependency section */

/* Begin PBXVariantGroup section */
		C5C159C924E9AF4E00B52B4B /* Main.storyboard */ = {
			isa = PBXVariantGroup;
			children = (
				C5C159CA24E9AF4E00B52B4B /* Base */,
			);
			name = Main.storyboard;
			sourceTree = "<group>";
		};
		C5C159CE24E9AF4E00B52B4B /* LaunchScreen.storyboard */ = {
			isa = PBXVariantGroup;
			children = (
				C5C159CF24E9AF4E00B52B4B /* Base */,
			);
			name = LaunchScreen.storyboard;
			sourceTree = "<group>";
		};
/* End PBXVariantGroup section */

/* Begin XCBuildConfiguration section */
		C58025B124EA3F150043130D /* Debug */ = {
			isa = XCBuildConfiguration;
			buildSettings = {
				CODE_SIGN_STYLE = Automatic;
				DEVELOPMENT_TEAM = MU27A4SCKC;
				INFOPLIST_FILE = DrawUITests/Info.plist;
				LD_RUNPATH_SEARCH_PATHS = (
					"$(inherited)",
					"@executable_path/Frameworks",
					"@loader_path/Frameworks",
				);
				PRODUCT_BUNDLE_IDENTIFIER = com.milestonemade.DrawUITests;
				PRODUCT_NAME = "$(TARGET_NAME)";
				SWIFT_VERSION = 5.0;
				TARGETED_DEVICE_FAMILY = "1,2";
			};
			name = Debug;
		};
		C58025B224EA3F150043130D /* Release */ = {
			isa = XCBuildConfiguration;
			buildSettings = {
				CODE_SIGN_STYLE = Automatic;
				DEVELOPMENT_TEAM = MU27A4SCKC;
				INFOPLIST_FILE = DrawUITests/Info.plist;
				LD_RUNPATH_SEARCH_PATHS = (
					"$(inherited)",
					"@executable_path/Frameworks",
					"@loader_path/Frameworks",
				);
				PRODUCT_BUNDLE_IDENTIFIER = com.milestonemade.DrawUITests;
				PRODUCT_NAME = "$(TARGET_NAME)";
				SWIFT_VERSION = 5.0;
				TARGETED_DEVICE_FAMILY = "1,2";
			};
			name = Release;
		};
		C5C159B424E9AF1C00B52B4B /* Debug */ = {
			isa = XCBuildConfiguration;
			buildSettings = {
				ALWAYS_SEARCH_USER_PATHS = NO;
				CLANG_ANALYZER_NONNULL = YES;
				CLANG_ANALYZER_NUMBER_OBJECT_CONVERSION = YES_AGGRESSIVE;
				CLANG_CXX_LANGUAGE_STANDARD = "gnu++14";
				CLANG_CXX_LIBRARY = "libc++";
				CLANG_ENABLE_MODULES = YES;
				CLANG_ENABLE_OBJC_ARC = YES;
				CLANG_ENABLE_OBJC_WEAK = YES;
				CLANG_WARN_BLOCK_CAPTURE_AUTORELEASING = YES;
				CLANG_WARN_BOOL_CONVERSION = YES;
				CLANG_WARN_COMMA = YES;
				CLANG_WARN_CONSTANT_CONVERSION = YES;
				CLANG_WARN_DEPRECATED_OBJC_IMPLEMENTATIONS = YES;
				CLANG_WARN_DIRECT_OBJC_ISA_USAGE = YES_ERROR;
				CLANG_WARN_DOCUMENTATION_COMMENTS = YES;
				CLANG_WARN_EMPTY_BODY = YES;
				CLANG_WARN_ENUM_CONVERSION = YES;
				CLANG_WARN_INFINITE_RECURSION = YES;
				CLANG_WARN_INT_CONVERSION = YES;
				CLANG_WARN_NON_LITERAL_NULL_CONVERSION = YES;
				CLANG_WARN_OBJC_IMPLICIT_RETAIN_SELF = YES;
				CLANG_WARN_OBJC_LITERAL_CONVERSION = YES;
				CLANG_WARN_OBJC_ROOT_CLASS = YES_ERROR;
				CLANG_WARN_QUOTED_INCLUDE_IN_FRAMEWORK_HEADER = YES;
				CLANG_WARN_RANGE_LOOP_ANALYSIS = YES;
				CLANG_WARN_STRICT_PROTOTYPES = YES;
				CLANG_WARN_SUSPICIOUS_MOVE = YES;
				CLANG_WARN_UNGUARDED_AVAILABILITY = YES_AGGRESSIVE;
				CLANG_WARN_UNREACHABLE_CODE = YES;
				CLANG_WARN__DUPLICATE_METHOD_MATCH = YES;
				COPY_PHASE_STRIP = NO;
				CURRENT_PROJECT_VERSION = 1;
				DEBUG_INFORMATION_FORMAT = dwarf;
				ENABLE_STRICT_OBJC_MSGSEND = YES;
				ENABLE_TESTABILITY = YES;
				GCC_C_LANGUAGE_STANDARD = gnu11;
				GCC_DYNAMIC_NO_PIC = NO;
				GCC_NO_COMMON_BLOCKS = YES;
				GCC_OPTIMIZATION_LEVEL = 0;
				GCC_PREPROCESSOR_DEFINITIONS = (
					"DEBUG=1",
					"$(inherited)",
				);
				GCC_WARN_64_TO_32_BIT_CONVERSION = YES;
				GCC_WARN_ABOUT_RETURN_TYPE = YES_ERROR;
				GCC_WARN_UNDECLARED_SELECTOR = YES;
				GCC_WARN_UNINITIALIZED_AUTOS = YES_AGGRESSIVE;
				GCC_WARN_UNUSED_FUNCTION = YES;
				GCC_WARN_UNUSED_VARIABLE = YES;
				IPHONEOS_DEPLOYMENT_TARGET = 14.0;
				MTL_ENABLE_DEBUG_INFO = INCLUDE_SOURCE;
				MTL_FAST_MATH = YES;
				ONLY_ACTIVE_ARCH = YES;
				SDKROOT = iphoneos;
				SWIFT_ACTIVE_COMPILATION_CONDITIONS = DEBUG;
				SWIFT_OPTIMIZATION_LEVEL = "-Onone";
				VERSIONING_SYSTEM = "apple-generic";
				VERSION_INFO_PREFIX = "";
			};
			name = Debug;
		};
		C5C159B524E9AF1C00B52B4B /* Release */ = {
			isa = XCBuildConfiguration;
			buildSettings = {
				ALWAYS_SEARCH_USER_PATHS = NO;
				CLANG_ANALYZER_NONNULL = YES;
				CLANG_ANALYZER_NUMBER_OBJECT_CONVERSION = YES_AGGRESSIVE;
				CLANG_CXX_LANGUAGE_STANDARD = "gnu++14";
				CLANG_CXX_LIBRARY = "libc++";
				CLANG_ENABLE_MODULES = YES;
				CLANG_ENABLE_OBJC_ARC = YES;
				CLANG_ENABLE_OBJC_WEAK = YES;
				CLANG_WARN_BLOCK_CAPTURE_AUTORELEASING = YES;
				CLANG_WARN_BOOL_CONVERSION = YES;
				CLANG_WARN_COMMA = YES;
				CLANG_WARN_CONSTANT_CONVERSION = YES;
				CLANG_WARN_DEPRECATED_OBJC_IMPLEMENTATIONS = YES;
				CLANG_WARN_DIRECT_OBJC_ISA_USAGE = YES_ERROR;
				CLANG_WARN_DOCUMENTATION_COMMENTS = YES;
				CLANG_WARN_EMPTY_BODY = YES;
				CLANG_WARN_ENUM_CONVERSION = YES;
				CLANG_WARN_INFINITE_RECURSION = YES;
				CLANG_WARN_INT_CONVERSION = YES;
				CLANG_WARN_NON_LITERAL_NULL_CONVERSION = YES;
				CLANG_WARN_OBJC_IMPLICIT_RETAIN_SELF = YES;
				CLANG_WARN_OBJC_LITERAL_CONVERSION = YES;
				CLANG_WARN_OBJC_ROOT_CLASS = YES_ERROR;
				CLANG_WARN_QUOTED_INCLUDE_IN_FRAMEWORK_HEADER = YES;
				CLANG_WARN_RANGE_LOOP_ANALYSIS = YES;
				CLANG_WARN_STRICT_PROTOTYPES = YES;
				CLANG_WARN_SUSPICIOUS_MOVE = YES;
				CLANG_WARN_UNGUARDED_AVAILABILITY = YES_AGGRESSIVE;
				CLANG_WARN_UNREACHABLE_CODE = YES;
				CLANG_WARN__DUPLICATE_METHOD_MATCH = YES;
				COPY_PHASE_STRIP = NO;
				CURRENT_PROJECT_VERSION = 1;
				DEBUG_INFORMATION_FORMAT = "dwarf-with-dsym";
				ENABLE_NS_ASSERTIONS = NO;
				ENABLE_STRICT_OBJC_MSGSEND = YES;
				GCC_C_LANGUAGE_STANDARD = gnu11;
				GCC_NO_COMMON_BLOCKS = YES;
				GCC_WARN_64_TO_32_BIT_CONVERSION = YES;
				GCC_WARN_ABOUT_RETURN_TYPE = YES_ERROR;
				GCC_WARN_UNDECLARED_SELECTOR = YES;
				GCC_WARN_UNINITIALIZED_AUTOS = YES_AGGRESSIVE;
				GCC_WARN_UNUSED_FUNCTION = YES;
				GCC_WARN_UNUSED_VARIABLE = YES;
				IPHONEOS_DEPLOYMENT_TARGET = 14.0;
				MTL_ENABLE_DEBUG_INFO = NO;
				MTL_FAST_MATH = YES;
				SDKROOT = iphoneos;
				SWIFT_COMPILATION_MODE = wholemodule;
				SWIFT_OPTIMIZATION_LEVEL = "-O";
				VALIDATE_PRODUCT = YES;
				VERSIONING_SYSTEM = "apple-generic";
				VERSION_INFO_PREFIX = "";
			};
			name = Release;
		};
		C5C159B724E9AF1C00B52B4B /* Debug */ = {
			isa = XCBuildConfiguration;
			buildSettings = {
				CLANG_ENABLE_MODULES = YES;
				CODE_SIGN_STYLE = Automatic;
				DEFINES_MODULE = YES;
				DEVELOPMENT_TEAM = MU27A4SCKC;
				DYLIB_COMPATIBILITY_VERSION = 1;
				DYLIB_CURRENT_VERSION = 1;
				DYLIB_INSTALL_NAME_BASE = "@rpath";
				INFOPLIST_FILE = DrawUI/Info.plist;
				INSTALL_PATH = "$(LOCAL_LIBRARY_DIR)/Frameworks";
				LD_RUNPATH_SEARCH_PATHS = (
					"$(inherited)",
					"@executable_path/Frameworks",
					"@loader_path/Frameworks",
				);
				PRODUCT_BUNDLE_IDENTIFIER = com.milestonemade.DrawUI;
				PRODUCT_NAME = "$(TARGET_NAME:c99extidentifier)";
				SKIP_INSTALL = YES;
				SWIFT_OPTIMIZATION_LEVEL = "-Onone";
				SWIFT_VERSION = 5.0;
				TARGETED_DEVICE_FAMILY = "1,2";
			};
			name = Debug;
		};
		C5C159B824E9AF1C00B52B4B /* Release */ = {
			isa = XCBuildConfiguration;
			buildSettings = {
				CLANG_ENABLE_MODULES = YES;
				CODE_SIGN_STYLE = Automatic;
				DEFINES_MODULE = YES;
				DEVELOPMENT_TEAM = MU27A4SCKC;
				DYLIB_COMPATIBILITY_VERSION = 1;
				DYLIB_CURRENT_VERSION = 1;
				DYLIB_INSTALL_NAME_BASE = "@rpath";
				INFOPLIST_FILE = DrawUI/Info.plist;
				INSTALL_PATH = "$(LOCAL_LIBRARY_DIR)/Frameworks";
				LD_RUNPATH_SEARCH_PATHS = (
					"$(inherited)",
					"@executable_path/Frameworks",
					"@loader_path/Frameworks",
				);
				PRODUCT_BUNDLE_IDENTIFIER = com.milestonemade.DrawUI;
				PRODUCT_NAME = "$(TARGET_NAME:c99extidentifier)";
				SKIP_INSTALL = YES;
				SWIFT_VERSION = 5.0;
				TARGETED_DEVICE_FAMILY = "1,2";
			};
			name = Release;
		};
		C5C159D324E9AF4E00B52B4B /* Debug */ = {
			isa = XCBuildConfiguration;
			buildSettings = {
				ASSETCATALOG_COMPILER_APPICON_NAME = AppIcon;
				ASSETCATALOG_COMPILER_GLOBAL_ACCENT_COLOR_NAME = AccentColor;
				CODE_SIGN_STYLE = Automatic;
				DEVELOPMENT_TEAM = MU27A4SCKC;
				INFOPLIST_FILE = DrawUIExample/Info.plist;
				LD_RUNPATH_SEARCH_PATHS = (
					"$(inherited)",
					"@executable_path/Frameworks",
				);
				PRODUCT_BUNDLE_IDENTIFIER = com.milestonemade.DrawUIExample;
				PRODUCT_NAME = "$(TARGET_NAME)";
				SWIFT_VERSION = 5.0;
				TARGETED_DEVICE_FAMILY = "1,2";
			};
			name = Debug;
		};
		C5C159D424E9AF4E00B52B4B /* Release */ = {
			isa = XCBuildConfiguration;
			buildSettings = {
				ASSETCATALOG_COMPILER_APPICON_NAME = AppIcon;
				ASSETCATALOG_COMPILER_GLOBAL_ACCENT_COLOR_NAME = AccentColor;
				CODE_SIGN_STYLE = Automatic;
				DEVELOPMENT_TEAM = MU27A4SCKC;
				INFOPLIST_FILE = DrawUIExample/Info.plist;
				LD_RUNPATH_SEARCH_PATHS = (
					"$(inherited)",
					"@executable_path/Frameworks",
				);
				PRODUCT_BUNDLE_IDENTIFIER = com.milestonemade.DrawUIExample;
				PRODUCT_NAME = "$(TARGET_NAME)";
				SWIFT_VERSION = 5.0;
				TARGETED_DEVICE_FAMILY = "1,2";
			};
			name = Release;
		};
/* End XCBuildConfiguration section */

/* Begin XCConfigurationList section */
		C58025B324EA3F150043130D /* Build configuration list for PBXNativeTarget "DrawUITests" */ = {
			isa = XCConfigurationList;
			buildConfigurations = (
				C58025B124EA3F150043130D /* Debug */,
				C58025B224EA3F150043130D /* Release */,
			);
			defaultConfigurationIsVisible = 0;
			defaultConfigurationName = Release;
		};
		C5C159A824E9AF1C00B52B4B /* Build configuration list for PBXProject "DrawUI" */ = {
			isa = XCConfigurationList;
			buildConfigurations = (
				C5C159B424E9AF1C00B52B4B /* Debug */,
				C5C159B524E9AF1C00B52B4B /* Release */,
			);
			defaultConfigurationIsVisible = 0;
			defaultConfigurationName = Release;
		};
		C5C159B624E9AF1C00B52B4B /* Build configuration list for PBXNativeTarget "DrawUI" */ = {
			isa = XCConfigurationList;
			buildConfigurations = (
				C5C159B724E9AF1C00B52B4B /* Debug */,
				C5C159B824E9AF1C00B52B4B /* Release */,
			);
			defaultConfigurationIsVisible = 0;
			defaultConfigurationName = Release;
		};
		C5C159D224E9AF4E00B52B4B /* Build configuration list for PBXNativeTarget "DrawUIExample" */ = {
			isa = XCConfigurationList;
			buildConfigurations = (
				C5C159D324E9AF4E00B52B4B /* Debug */,
				C5C159D424E9AF4E00B52B4B /* Release */,
			);
			defaultConfigurationIsVisible = 0;
			defaultConfigurationName = Release;
		};
/* End XCConfigurationList section */

/* Begin XCRemoteSwiftPackageReference section */
		C5094CF625FEBA3B0001AE2A /* XCRemoteSwiftPackageReference "MMSwiftToolbox" */ = {
			isa = XCRemoteSwiftPackageReference;
			repositoryURL = "https://github.com/adamwulf/MMSwiftToolbox.git";
			requirement = {
				branch = main;
				kind = branch;
			};
		};
/* End XCRemoteSwiftPackageReference section */

/* Begin XCSwiftPackageProductDependency section */
		C5094CF725FEBA3B0001AE2A /* MMSwiftToolbox */ = {
			isa = XCSwiftPackageProductDependency;
			package = C5094CF625FEBA3B0001AE2A /* XCRemoteSwiftPackageReference "MMSwiftToolbox" */;
			productName = MMSwiftToolbox;
		};
/* End XCSwiftPackageProductDependency section */
	};
	rootObject = C5C159A524E9AF1C00B52B4B /* Project object */;
}
