// !$*UTF8*$!
{
	archiveVersion = 1;
	classes = {
	};
	objectVersion = 52;
	objects = {

/* Begin PBXBuildFile section */
		C5094CE925FEB6770001AE2A /* BezierViewController.swift in Sources */ = {isa = PBXBuildFile; fileRef = C5094CE825FEB6770001AE2A /* BezierViewController.swift */; };
		C5094CEF25FEB6FB0001AE2A /* BaseViewController.swift in Sources */ = {isa = PBXBuildFile; fileRef = C5094CEE25FEB6FB0001AE2A /* BaseViewController.swift */; };
		C524927226AE2E6D00479E00 /* Inkable in Frameworks */ = {isa = PBXBuildFile; productRef = C524927126AE2E6D00479E00 /* Inkable */; };
		C5C159C424E9AF4E00B52B4B /* AppDelegate.swift in Sources */ = {isa = PBXBuildFile; fileRef = C5C159C324E9AF4E00B52B4B /* AppDelegate.swift */; };
		C5C159C624E9AF4E00B52B4B /* SceneDelegate.swift in Sources */ = {isa = PBXBuildFile; fileRef = C5C159C524E9AF4E00B52B4B /* SceneDelegate.swift */; };
		C5C159C824E9AF4E00B52B4B /* DebugViewController.swift in Sources */ = {isa = PBXBuildFile; fileRef = C5C159C724E9AF4E00B52B4B /* DebugViewController.swift */; };
		C5C159CB24E9AF4E00B52B4B /* Main.storyboard in Resources */ = {isa = PBXBuildFile; fileRef = C5C159C924E9AF4E00B52B4B /* Main.storyboard */; };
		C5C159CD24E9AF4E00B52B4B /* Assets.xcassets in Resources */ = {isa = PBXBuildFile; fileRef = C5C159CC24E9AF4E00B52B4B /* Assets.xcassets */; };
		C5C159D024E9AF4E00B52B4B /* LaunchScreen.storyboard in Resources */ = {isa = PBXBuildFile; fileRef = C5C159CE24E9AF4E00B52B4B /* LaunchScreen.storyboard */; };
		C5C159E724E9BC6500B52B4B /* DebugView.swift in Sources */ = {isa = PBXBuildFile; fileRef = C5C159E624E9BC6500B52B4B /* DebugView.swift */; };
		C5EBA802261ABABE000E29D3 /* ClippedBezierViewController.swift in Sources */ = {isa = PBXBuildFile; fileRef = C5EBA801261ABABE000E29D3 /* ClippedBezierViewController.swift */; };
/* End PBXBuildFile section */

/* Begin PBXCopyFilesBuildPhase section */
		C5C159DE24E9AFA000B52B4B /* CopyFiles */ = {
			isa = PBXCopyFilesBuildPhase;
			buildActionMask = 2147483647;
			dstPath = "";
			dstSubfolderSpec = 10;
			files = (
			);
			runOnlyForDeploymentPostprocessing = 0;
		};
/* End PBXCopyFilesBuildPhase section */

/* Begin PBXFileReference section */
		C5094CE825FEB6770001AE2A /* BezierViewController.swift */ = {isa = PBXFileReference; lastKnownFileType = sourcecode.swift; path = BezierViewController.swift; sourceTree = "<group>"; };
		C5094CEE25FEB6FB0001AE2A /* BaseViewController.swift */ = {isa = PBXFileReference; lastKnownFileType = sourcecode.swift; path = BaseViewController.swift; sourceTree = "<group>"; };
		C5C159C124E9AF4E00B52B4B /* DrawUIExample.app */ = {isa = PBXFileReference; explicitFileType = wrapper.application; includeInIndex = 0; path = DrawUIExample.app; sourceTree = BUILT_PRODUCTS_DIR; };
		C5C159C324E9AF4E00B52B4B /* AppDelegate.swift */ = {isa = PBXFileReference; lastKnownFileType = sourcecode.swift; path = AppDelegate.swift; sourceTree = "<group>"; };
		C5C159C524E9AF4E00B52B4B /* SceneDelegate.swift */ = {isa = PBXFileReference; lastKnownFileType = sourcecode.swift; path = SceneDelegate.swift; sourceTree = "<group>"; };
		C5C159C724E9AF4E00B52B4B /* DebugViewController.swift */ = {isa = PBXFileReference; lastKnownFileType = sourcecode.swift; path = DebugViewController.swift; sourceTree = "<group>"; };
		C5C159CA24E9AF4E00B52B4B /* Base */ = {isa = PBXFileReference; lastKnownFileType = file.storyboard; name = Base; path = Base.lproj/Main.storyboard; sourceTree = "<group>"; };
		C5C159CC24E9AF4E00B52B4B /* Assets.xcassets */ = {isa = PBXFileReference; lastKnownFileType = folder.assetcatalog; path = Assets.xcassets; sourceTree = "<group>"; };
		C5C159CF24E9AF4E00B52B4B /* Base */ = {isa = PBXFileReference; lastKnownFileType = file.storyboard; name = Base; path = Base.lproj/LaunchScreen.storyboard; sourceTree = "<group>"; };
		C5C159D124E9AF4E00B52B4B /* Info.plist */ = {isa = PBXFileReference; lastKnownFileType = text.plist.xml; path = Info.plist; sourceTree = "<group>"; };
		C5C159E624E9BC6500B52B4B /* DebugView.swift */ = {isa = PBXFileReference; lastKnownFileType = sourcecode.swift; path = DebugView.swift; sourceTree = "<group>"; };
		C5EBA801261ABABE000E29D3 /* ClippedBezierViewController.swift */ = {isa = PBXFileReference; lastKnownFileType = sourcecode.swift; path = ClippedBezierViewController.swift; sourceTree = "<group>"; };
/* End PBXFileReference section */

/* Begin PBXFrameworksBuildPhase section */
		C5C159BE24E9AF4E00B52B4B /* Frameworks */ = {
			isa = PBXFrameworksBuildPhase;
			buildActionMask = 2147483647;
			files = (
				C524927226AE2E6D00479E00 /* Inkable in Frameworks */,
			);
			runOnlyForDeploymentPostprocessing = 0;
		};
/* End PBXFrameworksBuildPhase section */

/* Begin PBXGroup section */
		C5094CE725FEB6690001AE2A /* Tabs */ = {
			isa = PBXGroup;
			children = (
				C5094CEE25FEB6FB0001AE2A /* BaseViewController.swift */,
				C5C159C724E9AF4E00B52B4B /* DebugViewController.swift */,
				C5094CE825FEB6770001AE2A /* BezierViewController.swift */,
				C5EBA801261ABABE000E29D3 /* ClippedBezierViewController.swift */,
			);
			path = Tabs;
			sourceTree = "<group>";
		};
		C5C159A424E9AF1C00B52B4B = {
			isa = PBXGroup;
			children = (
				C5C159C224E9AF4E00B52B4B /* DrawUIExample */,
				C5C159AF24E9AF1C00B52B4B /* Products */,
				C5C159D724E9AF6100B52B4B /* Frameworks */,
			);
			sourceTree = "<group>";
		};
		C5C159AF24E9AF1C00B52B4B /* Products */ = {
			isa = PBXGroup;
			children = (
				C5C159C124E9AF4E00B52B4B /* DrawUIExample.app */,
			);
			name = Products;
			sourceTree = "<group>";
		};
		C5C159C224E9AF4E00B52B4B /* DrawUIExample */ = {
			isa = PBXGroup;
			children = (
				C5094CE725FEB6690001AE2A /* Tabs */,
				C5C159C324E9AF4E00B52B4B /* AppDelegate.swift */,
				C5C159C524E9AF4E00B52B4B /* SceneDelegate.swift */,
				C5C159E624E9BC6500B52B4B /* DebugView.swift */,
				C5C159C924E9AF4E00B52B4B /* Main.storyboard */,
				C5C159CC24E9AF4E00B52B4B /* Assets.xcassets */,
				C5C159CE24E9AF4E00B52B4B /* LaunchScreen.storyboard */,
				C5C159D124E9AF4E00B52B4B /* Info.plist */,
			);
			path = DrawUIExample;
			sourceTree = "<group>";
		};
		C5C159D724E9AF6100B52B4B /* Frameworks */ = {
			isa = PBXGroup;
			children = (
			);
			name = Frameworks;
			sourceTree = "<group>";
		};
/* End PBXGroup section */

/* Begin PBXNativeTarget section */
		C5C159C024E9AF4E00B52B4B /* DrawUIExample */ = {
			isa = PBXNativeTarget;
			buildConfigurationList = C5C159D224E9AF4E00B52B4B /* Build configuration list for PBXNativeTarget "DrawUIExample" */;
			buildPhases = (
				C5C159BD24E9AF4E00B52B4B /* Sources */,
				C5C159BE24E9AF4E00B52B4B /* Frameworks */,
				C5C159BF24E9AF4E00B52B4B /* Resources */,
				C5C159DE24E9AFA000B52B4B /* CopyFiles */,
			);
			buildRules = (
			);
			dependencies = (
			);
			name = DrawUIExample;
			packageProductDependencies = (
				C524927126AE2E6D00479E00 /* Inkable */,
			);
			productName = DrawUIExample;
			productReference = C5C159C124E9AF4E00B52B4B /* DrawUIExample.app */;
			productType = "com.apple.product-type.application";
		};
/* End PBXNativeTarget section */

/* Begin PBXProject section */
		C5C159A524E9AF1C00B52B4B /* Project object */ = {
			isa = PBXProject;
			attributes = {
				LastSwiftUpdateCheck = 1200;
				LastUpgradeCheck = 1200;
				TargetAttributes = {
					C5C159C024E9AF4E00B52B4B = {
						CreatedOnToolsVersion = 12.0;
					};
				};
			};
			buildConfigurationList = C5C159A824E9AF1C00B52B4B /* Build configuration list for PBXProject "DrawUI" */;
			compatibilityVersion = "Xcode 9.3";
			developmentRegion = en;
			hasScannedForEncodings = 0;
			knownRegions = (
				en,
				Base,
			);
			mainGroup = C5C159A424E9AF1C00B52B4B;
			packageReferences = (
				C524926E26AE2E0000479E00 /* XCRemoteSwiftPackageReference "Inkable" */,
			);
			productRefGroup = C5C159AF24E9AF1C00B52B4B /* Products */;
			projectDirPath = "";
			projectRoot = "";
			targets = (
				C5C159C024E9AF4E00B52B4B /* DrawUIExample */,
			);
		};
/* End PBXProject section */

/* Begin PBXResourcesBuildPhase section */
		C5C159BF24E9AF4E00B52B4B /* Resources */ = {
			isa = PBXResourcesBuildPhase;
			buildActionMask = 2147483647;
			files = (
				C5C159D024E9AF4E00B52B4B /* LaunchScreen.storyboard in Resources */,
				C5C159CD24E9AF4E00B52B4B /* Assets.xcassets in Resources */,
				C5C159CB24E9AF4E00B52B4B /* Main.storyboard in Resources */,
			);
			runOnlyForDeploymentPostprocessing = 0;
		};
/* End PBXResourcesBuildPhase section */

/* Begin PBXSourcesBuildPhase section */
		C5C159BD24E9AF4E00B52B4B /* Sources */ = {
			isa = PBXSourcesBuildPhase;
			buildActionMask = 2147483647;
			files = (
				C5094CE925FEB6770001AE2A /* BezierViewController.swift in Sources */,
				C5C159E724E9BC6500B52B4B /* DebugView.swift in Sources */,
				C5094CEF25FEB6FB0001AE2A /* BaseViewController.swift in Sources */,
				C5C159C824E9AF4E00B52B4B /* DebugViewController.swift in Sources */,
				C5C159C424E9AF4E00B52B4B /* AppDelegate.swift in Sources */,
				C5C159C624E9AF4E00B52B4B /* SceneDelegate.swift in Sources */,
				C5EBA802261ABABE000E29D3 /* ClippedBezierViewController.swift in Sources */,
			);
			runOnlyForDeploymentPostprocessing = 0;
		};
/* End PBXSourcesBuildPhase section */

/* Begin PBXVariantGroup section */
		C5C159C924E9AF4E00B52B4B /* Main.storyboard */ = {
			isa = PBXVariantGroup;
			children = (
				C5C159CA24E9AF4E00B52B4B /* Base */,
			);
			name = Main.storyboard;
			sourceTree = "<group>";
		};
		C5C159CE24E9AF4E00B52B4B /* LaunchScreen.storyboard */ = {
			isa = PBXVariantGroup;
			children = (
				C5C159CF24E9AF4E00B52B4B /* Base */,
			);
			name = LaunchScreen.storyboard;
			sourceTree = "<group>";
		};
/* End PBXVariantGroup section */

/* Begin XCBuildConfiguration section */
		C5C159B424E9AF1C00B52B4B /* Debug */ = {
			isa = XCBuildConfiguration;
			buildSettings = {
				ALWAYS_SEARCH_USER_PATHS = NO;
				CLANG_ANALYZER_NONNULL = YES;
				CLANG_ANALYZER_NUMBER_OBJECT_CONVERSION = YES_AGGRESSIVE;
				CLANG_CXX_LANGUAGE_STANDARD = "gnu++14";
				CLANG_CXX_LIBRARY = "libc++";
				CLANG_ENABLE_MODULES = YES;
				CLANG_ENABLE_OBJC_ARC = YES;
				CLANG_ENABLE_OBJC_WEAK = YES;
				CLANG_WARN_BLOCK_CAPTURE_AUTORELEASING = YES;
				CLANG_WARN_BOOL_CONVERSION = YES;
				CLANG_WARN_COMMA = YES;
				CLANG_WARN_CONSTANT_CONVERSION = YES;
				CLANG_WARN_DEPRECATED_OBJC_IMPLEMENTATIONS = YES;
				CLANG_WARN_DIRECT_OBJC_ISA_USAGE = YES_ERROR;
				CLANG_WARN_DOCUMENTATION_COMMENTS = YES;
				CLANG_WARN_EMPTY_BODY = YES;
				CLANG_WARN_ENUM_CONVERSION = YES;
				CLANG_WARN_INFINITE_RECURSION = YES;
				CLANG_WARN_INT_CONVERSION = YES;
				CLANG_WARN_NON_LITERAL_NULL_CONVERSION = YES;
				CLANG_WARN_OBJC_IMPLICIT_RETAIN_SELF = YES;
				CLANG_WARN_OBJC_LITERAL_CONVERSION = YES;
				CLANG_WARN_OBJC_ROOT_CLASS = YES_ERROR;
				CLANG_WARN_QUOTED_INCLUDE_IN_FRAMEWORK_HEADER = YES;
				CLANG_WARN_RANGE_LOOP_ANALYSIS = YES;
				CLANG_WARN_STRICT_PROTOTYPES = YES;
				CLANG_WARN_SUSPICIOUS_MOVE = YES;
				CLANG_WARN_UNGUARDED_AVAILABILITY = YES_AGGRESSIVE;
				CLANG_WARN_UNREACHABLE_CODE = YES;
				CLANG_WARN__DUPLICATE_METHOD_MATCH = YES;
				COPY_PHASE_STRIP = NO;
				CURRENT_PROJECT_VERSION = 1;
				DEBUG_INFORMATION_FORMAT = dwarf;
				ENABLE_STRICT_OBJC_MSGSEND = YES;
				ENABLE_TESTABILITY = YES;
				GCC_C_LANGUAGE_STANDARD = gnu11;
				GCC_DYNAMIC_NO_PIC = NO;
				GCC_NO_COMMON_BLOCKS = YES;
				GCC_OPTIMIZATION_LEVEL = 0;
				GCC_PREPROCESSOR_DEFINITIONS = (
					"DEBUG=1",
					"$(inherited)",
				);
				GCC_WARN_64_TO_32_BIT_CONVERSION = YES;
				GCC_WARN_ABOUT_RETURN_TYPE = YES_ERROR;
				GCC_WARN_UNDECLARED_SELECTOR = YES;
				GCC_WARN_UNINITIALIZED_AUTOS = YES_AGGRESSIVE;
				GCC_WARN_UNUSED_FUNCTION = YES;
				GCC_WARN_UNUSED_VARIABLE = YES;
				IPHONEOS_DEPLOYMENT_TARGET = 14.0;
				MTL_ENABLE_DEBUG_INFO = INCLUDE_SOURCE;
				MTL_FAST_MATH = YES;
				ONLY_ACTIVE_ARCH = YES;
				OTHER_LDFLAGS = (
					"-lstdc++",
					"-ObjC",
				);
				SDKROOT = iphoneos;
				SWIFT_ACTIVE_COMPILATION_CONDITIONS = DEBUG;
				SWIFT_OPTIMIZATION_LEVEL = "-Onone";
				VERSIONING_SYSTEM = "apple-generic";
				VERSION_INFO_PREFIX = "";
			};
			name = Debug;
		};
		C5C159B524E9AF1C00B52B4B /* Release */ = {
			isa = XCBuildConfiguration;
			buildSettings = {
				ALWAYS_SEARCH_USER_PATHS = NO;
				CLANG_ANALYZER_NONNULL = YES;
				CLANG_ANALYZER_NUMBER_OBJECT_CONVERSION = YES_AGGRESSIVE;
				CLANG_CXX_LANGUAGE_STANDARD = "gnu++14";
				CLANG_CXX_LIBRARY = "libc++";
				CLANG_ENABLE_MODULES = YES;
				CLANG_ENABLE_OBJC_ARC = YES;
				CLANG_ENABLE_OBJC_WEAK = YES;
				CLANG_WARN_BLOCK_CAPTURE_AUTORELEASING = YES;
				CLANG_WARN_BOOL_CONVERSION = YES;
				CLANG_WARN_COMMA = YES;
				CLANG_WARN_CONSTANT_CONVERSION = YES;
				CLANG_WARN_DEPRECATED_OBJC_IMPLEMENTATIONS = YES;
				CLANG_WARN_DIRECT_OBJC_ISA_USAGE = YES_ERROR;
				CLANG_WARN_DOCUMENTATION_COMMENTS = YES;
				CLANG_WARN_EMPTY_BODY = YES;
				CLANG_WARN_ENUM_CONVERSION = YES;
				CLANG_WARN_INFINITE_RECURSION = YES;
				CLANG_WARN_INT_CONVERSION = YES;
				CLANG_WARN_NON_LITERAL_NULL_CONVERSION = YES;
				CLANG_WARN_OBJC_IMPLICIT_RETAIN_SELF = YES;
				CLANG_WARN_OBJC_LITERAL_CONVERSION = YES;
				CLANG_WARN_OBJC_ROOT_CLASS = YES_ERROR;
				CLANG_WARN_QUOTED_INCLUDE_IN_FRAMEWORK_HEADER = YES;
				CLANG_WARN_RANGE_LOOP_ANALYSIS = YES;
				CLANG_WARN_STRICT_PROTOTYPES = YES;
				CLANG_WARN_SUSPICIOUS_MOVE = YES;
				CLANG_WARN_UNGUARDED_AVAILABILITY = YES_AGGRESSIVE;
				CLANG_WARN_UNREACHABLE_CODE = YES;
				CLANG_WARN__DUPLICATE_METHOD_MATCH = YES;
				COPY_PHASE_STRIP = NO;
				CURRENT_PROJECT_VERSION = 1;
				DEBUG_INFORMATION_FORMAT = "dwarf-with-dsym";
				ENABLE_NS_ASSERTIONS = NO;
				ENABLE_STRICT_OBJC_MSGSEND = YES;
				GCC_C_LANGUAGE_STANDARD = gnu11;
				GCC_NO_COMMON_BLOCKS = YES;
				GCC_WARN_64_TO_32_BIT_CONVERSION = YES;
				GCC_WARN_ABOUT_RETURN_TYPE = YES_ERROR;
				GCC_WARN_UNDECLARED_SELECTOR = YES;
				GCC_WARN_UNINITIALIZED_AUTOS = YES_AGGRESSIVE;
				GCC_WARN_UNUSED_FUNCTION = YES;
				GCC_WARN_UNUSED_VARIABLE = YES;
				IPHONEOS_DEPLOYMENT_TARGET = 14.0;
				MTL_ENABLE_DEBUG_INFO = NO;
				MTL_FAST_MATH = YES;
				OTHER_LDFLAGS = (
					"-lstdc++",
					"-ObjC",
				);
				SDKROOT = iphoneos;
				SWIFT_COMPILATION_MODE = wholemodule;
				SWIFT_OPTIMIZATION_LEVEL = "-O";
				VALIDATE_PRODUCT = YES;
				VERSIONING_SYSTEM = "apple-generic";
				VERSION_INFO_PREFIX = "";
			};
			name = Release;
		};
		C5C159D324E9AF4E00B52B4B /* Debug */ = {
			isa = XCBuildConfiguration;
			buildSettings = {
				ASSETCATALOG_COMPILER_APPICON_NAME = AppIcon;
				ASSETCATALOG_COMPILER_GLOBAL_ACCENT_COLOR_NAME = AccentColor;
				CODE_SIGN_STYLE = Automatic;
				DEVELOPMENT_TEAM = MU27A4SCKC;
				INFOPLIST_FILE = DrawUIExample/Info.plist;
				LD_RUNPATH_SEARCH_PATHS = (
					"$(inherited)",
					"@executable_path/Frameworks",
				);
				PRODUCT_BUNDLE_IDENTIFIER = com.milestonemade.DrawUIExample;
				PRODUCT_NAME = "$(TARGET_NAME)";
				SWIFT_VERSION = 5.0;
				TARGETED_DEVICE_FAMILY = "1,2";
			};
			name = Debug;
		};
		C5C159D424E9AF4E00B52B4B /* Release */ = {
			isa = XCBuildConfiguration;
			buildSettings = {
				ASSETCATALOG_COMPILER_APPICON_NAME = AppIcon;
				ASSETCATALOG_COMPILER_GLOBAL_ACCENT_COLOR_NAME = AccentColor;
				CODE_SIGN_STYLE = Automatic;
				DEVELOPMENT_TEAM = MU27A4SCKC;
				INFOPLIST_FILE = DrawUIExample/Info.plist;
				LD_RUNPATH_SEARCH_PATHS = (
					"$(inherited)",
					"@executable_path/Frameworks",
				);
				PRODUCT_BUNDLE_IDENTIFIER = com.milestonemade.DrawUIExample;
				PRODUCT_NAME = "$(TARGET_NAME)";
				SWIFT_VERSION = 5.0;
				TARGETED_DEVICE_FAMILY = "1,2";
			};
			name = Release;
		};
/* End XCBuildConfiguration section */

/* Begin XCConfigurationList section */
		C5C159A824E9AF1C00B52B4B /* Build configuration list for PBXProject "DrawUI" */ = {
			isa = XCConfigurationList;
			buildConfigurations = (
				C5C159B424E9AF1C00B52B4B /* Debug */,
				C5C159B524E9AF1C00B52B4B /* Release */,
			);
			defaultConfigurationIsVisible = 0;
			defaultConfigurationName = Release;
		};
		C5C159D224E9AF4E00B52B4B /* Build configuration list for PBXNativeTarget "DrawUIExample" */ = {
			isa = XCConfigurationList;
			buildConfigurations = (
				C5C159D324E9AF4E00B52B4B /* Debug */,
				C5C159D424E9AF4E00B52B4B /* Release */,
			);
			defaultConfigurationIsVisible = 0;
			defaultConfigurationName = Release;
		};
/* End XCConfigurationList section */

/* Begin XCRemoteSwiftPackageReference section */
		C524926E26AE2E0000479E00 /* XCRemoteSwiftPackageReference "Inkable" */ = {
			isa = XCRemoteSwiftPackageReference;
			repositoryURL = "https://github.com/adamwulf/Inkable.git";
			requirement = {
				branch = main;
				kind = branch;
			};
		};
/* End XCRemoteSwiftPackageReference section */

/* Begin XCSwiftPackageProductDependency section */
		C524927126AE2E6D00479E00 /* Inkable */ = {
			isa = XCSwiftPackageProductDependency;
			package = C524926E26AE2E0000479E00 /* XCRemoteSwiftPackageReference "Inkable" */;
			productName = Inkable;
		};
/* End XCSwiftPackageProductDependency section */
	};
	rootObject = C5C159A524E9AF1C00B52B4B /* Project object */;
}
